// !$*UTF8*$!
{
	archiveVersion = 1;
	classes = {
	};
	objectVersion = 46;
	objects = {

/* Begin PBXBuildFile section */
		0DB35D4F8E957A5FB03585D5 /* libPods-Petpet.a in Frameworks */ = {isa = PBXBuildFile; fileRef = 4D5B2DE29A5E7CCE461A71BA /* libPods-Petpet.a */; };
		10055A941DD9FFB400F002F4 /* GoogleService-Info.plist in Resources */ = {isa = PBXBuildFile; fileRef = 10055A931DD9FFB400F002F4 /* GoogleService-Info.plist */; };
		1028B6981DD8BA8E00A95014 /* main.m in Sources */ = {isa = PBXBuildFile; fileRef = 1028B6971DD8BA8E00A95014 /* main.m */; };
		1028B69B1DD8BA8E00A95014 /* AppDelegate.m in Sources */ = {isa = PBXBuildFile; fileRef = 1028B69A1DD8BA8E00A95014 /* AppDelegate.m */; };
		1028B69E1DD8BA8E00A95014 /* ViewController.m in Sources */ = {isa = PBXBuildFile; fileRef = 1028B69D1DD8BA8E00A95014 /* ViewController.m */; };
		1028B6A11DD8BA8E00A95014 /* Main.storyboard in Resources */ = {isa = PBXBuildFile; fileRef = 1028B69F1DD8BA8E00A95014 /* Main.storyboard */; };
		1028B6A41DD8BA8E00A95014 /* Petpet.xcdatamodeld in Sources */ = {isa = PBXBuildFile; fileRef = 1028B6A21DD8BA8E00A95014 /* Petpet.xcdatamodeld */; };
		1028B6A61DD8BA8E00A95014 /* Assets.xcassets in Resources */ = {isa = PBXBuildFile; fileRef = 1028B6A51DD8BA8E00A95014 /* Assets.xcassets */; };
		1028B6A91DD8BA8E00A95014 /* LaunchScreen.storyboard in Resources */ = {isa = PBXBuildFile; fileRef = 1028B6A71DD8BA8E00A95014 /* LaunchScreen.storyboard */; };
		1028B6B41DD8BA8E00A95014 /* PetpetTests.m in Sources */ = {isa = PBXBuildFile; fileRef = 1028B6B31DD8BA8E00A95014 /* PetpetTests.m */; };
		1028B6BF1DD8BA8E00A95014 /* PetpetUITests.m in Sources */ = {isa = PBXBuildFile; fileRef = 1028B6BE1DD8BA8E00A95014 /* PetpetUITests.m */; };
/* End PBXBuildFile section */

/* Begin PBXContainerItemProxy section */
		1028B6B01DD8BA8E00A95014 /* PBXContainerItemProxy */ = {
			isa = PBXContainerItemProxy;
			containerPortal = 1028B68B1DD8BA8E00A95014 /* Project object */;
			proxyType = 1;
			remoteGlobalIDString = 1028B6921DD8BA8E00A95014;
			remoteInfo = Petpet;
		};
		1028B6BB1DD8BA8E00A95014 /* PBXContainerItemProxy */ = {
			isa = PBXContainerItemProxy;
			containerPortal = 1028B68B1DD8BA8E00A95014 /* Project object */;
			proxyType = 1;
			remoteGlobalIDString = 1028B6921DD8BA8E00A95014;
			remoteInfo = Petpet;
		};
/* End PBXContainerItemProxy section */

/* Begin PBXFileReference section */
		10055A931DD9FFB400F002F4 /* GoogleService-Info.plist */ = {isa = PBXFileReference; fileEncoding = 4; lastKnownFileType = text.plist.xml; path = "GoogleService-Info.plist"; sourceTree = "<group>"; };
		1028B6931DD8BA8E00A95014 /* Petpet.app */ = {isa = PBXFileReference; explicitFileType = wrapper.application; includeInIndex = 0; path = Petpet.app; sourceTree = BUILT_PRODUCTS_DIR; };
		1028B6971DD8BA8E00A95014 /* main.m */ = {isa = PBXFileReference; lastKnownFileType = sourcecode.c.objc; path = main.m; sourceTree = "<group>"; };
		1028B6991DD8BA8E00A95014 /* AppDelegate.h */ = {isa = PBXFileReference; lastKnownFileType = sourcecode.c.h; path = AppDelegate.h; sourceTree = "<group>"; };
		1028B69A1DD8BA8E00A95014 /* AppDelegate.m */ = {isa = PBXFileReference; lastKnownFileType = sourcecode.c.objc; path = AppDelegate.m; sourceTree = "<group>"; };
		1028B69C1DD8BA8E00A95014 /* ViewController.h */ = {isa = PBXFileReference; lastKnownFileType = sourcecode.c.h; path = ViewController.h; sourceTree = "<group>"; };
		1028B69D1DD8BA8E00A95014 /* ViewController.m */ = {isa = PBXFileReference; lastKnownFileType = sourcecode.c.objc; path = ViewController.m; sourceTree = "<group>"; };
		1028B6A01DD8BA8E00A95014 /* Base */ = {isa = PBXFileReference; lastKnownFileType = file.storyboard; name = Base; path = Base.lproj/Main.storyboard; sourceTree = "<group>"; };
		1028B6A31DD8BA8E00A95014 /* Petpet.xcdatamodel */ = {isa = PBXFileReference; lastKnownFileType = wrapper.xcdatamodel; path = Petpet.xcdatamodel; sourceTree = "<group>"; };
		1028B6A51DD8BA8E00A95014 /* Assets.xcassets */ = {isa = PBXFileReference; lastKnownFileType = folder.assetcatalog; path = Assets.xcassets; sourceTree = "<group>"; };
		1028B6A81DD8BA8E00A95014 /* Base */ = {isa = PBXFileReference; lastKnownFileType = file.storyboard; name = Base; path = Base.lproj/LaunchScreen.storyboard; sourceTree = "<group>"; };
		1028B6AA1DD8BA8E00A95014 /* Info.plist */ = {isa = PBXFileReference; lastKnownFileType = text.plist.xml; path = Info.plist; sourceTree = "<group>"; };
		1028B6AF1DD8BA8E00A95014 /* PetpetTests.xctest */ = {isa = PBXFileReference; explicitFileType = wrapper.cfbundle; includeInIndex = 0; path = PetpetTests.xctest; sourceTree = BUILT_PRODUCTS_DIR; };
		1028B6B31DD8BA8E00A95014 /* PetpetTests.m */ = {isa = PBXFileReference; lastKnownFileType = sourcecode.c.objc; path = PetpetTests.m; sourceTree = "<group>"; };
		1028B6B51DD8BA8E00A95014 /* Info.plist */ = {isa = PBXFileReference; lastKnownFileType = text.plist.xml; path = Info.plist; sourceTree = "<group>"; };
		1028B6BA1DD8BA8E00A95014 /* PetpetUITests.xctest */ = {isa = PBXFileReference; explicitFileType = wrapper.cfbundle; includeInIndex = 0; path = PetpetUITests.xctest; sourceTree = BUILT_PRODUCTS_DIR; };
		1028B6BE1DD8BA8E00A95014 /* PetpetUITests.m */ = {isa = PBXFileReference; lastKnownFileType = sourcecode.c.objc; path = PetpetUITests.m; sourceTree = "<group>"; };
		1028B6C01DD8BA8E00A95014 /* Info.plist */ = {isa = PBXFileReference; lastKnownFileType = text.plist.xml; path = Info.plist; sourceTree = "<group>"; };
		4D5B2DE29A5E7CCE461A71BA /* libPods-Petpet.a */ = {isa = PBXFileReference; explicitFileType = archive.ar; includeInIndex = 0; path = "libPods-Petpet.a"; sourceTree = BUILT_PRODUCTS_DIR; };
		7CF926EF55F43664CE793A92 /* Pods-Petpet.release.xcconfig */ = {isa = PBXFileReference; includeInIndex = 1; lastKnownFileType = text.xcconfig; name = "Pods-Petpet.release.xcconfig"; path = "Pods/Target Support Files/Pods-Petpet/Pods-Petpet.release.xcconfig"; sourceTree = "<group>"; };
		A60AB6C55E74AC632B14CD94 /* Pods-Petpet.debug.xcconfig */ = {isa = PBXFileReference; includeInIndex = 1; lastKnownFileType = text.xcconfig; name = "Pods-Petpet.debug.xcconfig"; path = "Pods/Target Support Files/Pods-Petpet/Pods-Petpet.debug.xcconfig"; sourceTree = "<group>"; };
/* End PBXFileReference section */

/* Begin PBXFrameworksBuildPhase section */
		1028B6901DD8BA8E00A95014 /* Frameworks */ = {
			isa = PBXFrameworksBuildPhase;
			buildActionMask = 2147483647;
			files = (
				0DB35D4F8E957A5FB03585D5 /* libPods-Petpet.a in Frameworks */,
			);
			runOnlyForDeploymentPostprocessing = 0;
		};
		1028B6AC1DD8BA8E00A95014 /* Frameworks */ = {
			isa = PBXFrameworksBuildPhase;
			buildActionMask = 2147483647;
			files = (
			);
			runOnlyForDeploymentPostprocessing = 0;
		};
		1028B6B71DD8BA8E00A95014 /* Frameworks */ = {
			isa = PBXFrameworksBuildPhase;
			buildActionMask = 2147483647;
			files = (
			);
			runOnlyForDeploymentPostprocessing = 0;
		};
/* End PBXFrameworksBuildPhase section */

/* Begin PBXGroup section */
		1028B68A1DD8BA8E00A95014 = {
			isa = PBXGroup;
			children = (
				1028B6951DD8BA8E00A95014 /* Petpet */,
				1028B6B21DD8BA8E00A95014 /* PetpetTests */,
				1028B6BD1DD8BA8E00A95014 /* PetpetUITests */,
				1028B6941DD8BA8E00A95014 /* Products */,
				80CB62E69217ECCAE8C80761 /* Pods */,
				EC22611916EE0808C0EB99B7 /* Frameworks */,
			);
			sourceTree = "<group>";
		};
		1028B6941DD8BA8E00A95014 /* Products */ = {
			isa = PBXGroup;
			children = (
				1028B6931DD8BA8E00A95014 /* Petpet.app */,
				1028B6AF1DD8BA8E00A95014 /* PetpetTests.xctest */,
				1028B6BA1DD8BA8E00A95014 /* PetpetUITests.xctest */,
			);
			name = Products;
			sourceTree = "<group>";
		};
		1028B6951DD8BA8E00A95014 /* Petpet */ = {
			isa = PBXGroup;
			children = (
				1028B6991DD8BA8E00A95014 /* AppDelegate.h */,
				1028B69A1DD8BA8E00A95014 /* AppDelegate.m */,
				1028B69C1DD8BA8E00A95014 /* ViewController.h */,
				1028B69D1DD8BA8E00A95014 /* ViewController.m */,
				1028B69F1DD8BA8E00A95014 /* Main.storyboard */,
				1028B6A51DD8BA8E00A95014 /* Assets.xcassets */,
				1028B6A71DD8BA8E00A95014 /* LaunchScreen.storyboard */,
				1028B6AA1DD8BA8E00A95014 /* Info.plist */,
				1028B6A21DD8BA8E00A95014 /* Petpet.xcdatamodeld */,
				10055A931DD9FFB400F002F4 /* GoogleService-Info.plist */,
				1028B6961DD8BA8E00A95014 /* Supporting Files */,
			);
			path = Petpet;
			sourceTree = "<group>";
		};
		1028B6961DD8BA8E00A95014 /* Supporting Files */ = {
			isa = PBXGroup;
			children = (
				1028B6971DD8BA8E00A95014 /* main.m */,
			);
			name = "Supporting Files";
			sourceTree = "<group>";
		};
		1028B6B21DD8BA8E00A95014 /* PetpetTests */ = {
			isa = PBXGroup;
			children = (
				1028B6B31DD8BA8E00A95014 /* PetpetTests.m */,
				1028B6B51DD8BA8E00A95014 /* Info.plist */,
			);
			path = PetpetTests;
			sourceTree = "<group>";
		};
		1028B6BD1DD8BA8E00A95014 /* PetpetUITests */ = {
			isa = PBXGroup;
			children = (
				1028B6BE1DD8BA8E00A95014 /* PetpetUITests.m */,
				1028B6C01DD8BA8E00A95014 /* Info.plist */,
			);
			path = PetpetUITests;
			sourceTree = "<group>";
		};
		80CB62E69217ECCAE8C80761 /* Pods */ = {
			isa = PBXGroup;
			children = (
				A60AB6C55E74AC632B14CD94 /* Pods-Petpet.debug.xcconfig */,
				7CF926EF55F43664CE793A92 /* Pods-Petpet.release.xcconfig */,
			);
			name = Pods;
			sourceTree = "<group>";
		};
		EC22611916EE0808C0EB99B7 /* Frameworks */ = {
			isa = PBXGroup;
			children = (
				4D5B2DE29A5E7CCE461A71BA /* libPods-Petpet.a */,
			);
			name = Frameworks;
			sourceTree = "<group>";
		};
/* End PBXGroup section */

/* Begin PBXNativeTarget section */
		1028B6921DD8BA8E00A95014 /* Petpet */ = {
			isa = PBXNativeTarget;
			buildConfigurationList = 1028B6C31DD8BA8E00A95014 /* Build configuration list for PBXNativeTarget "Petpet" */;
			buildPhases = (
				D0B5A66713969BCDB4E8408B /* [CP] Check Pods Manifest.lock */,
				1028B68F1DD8BA8E00A95014 /* Sources */,
				1028B6901DD8BA8E00A95014 /* Frameworks */,
				1028B6911DD8BA8E00A95014 /* Resources */,
				009A8761EA99976C155A0F40 /* [CP] Embed Pods Frameworks */,
				BB78FF15FB3834B2E4497795 /* [CP] Copy Pods Resources */,
			);
			buildRules = (
			);
			dependencies = (
			);
			name = Petpet;
			productName = Petpet;
			productReference = 1028B6931DD8BA8E00A95014 /* Petpet.app */;
			productType = "com.apple.product-type.application";
		};
		1028B6AE1DD8BA8E00A95014 /* PetpetTests */ = {
			isa = PBXNativeTarget;
			buildConfigurationList = 1028B6C61DD8BA8E00A95014 /* Build configuration list for PBXNativeTarget "PetpetTests" */;
			buildPhases = (
				1028B6AB1DD8BA8E00A95014 /* Sources */,
				1028B6AC1DD8BA8E00A95014 /* Frameworks */,
				1028B6AD1DD8BA8E00A95014 /* Resources */,
			);
			buildRules = (
			);
			dependencies = (
				1028B6B11DD8BA8E00A95014 /* PBXTargetDependency */,
			);
			name = PetpetTests;
			productName = PetpetTests;
			productReference = 1028B6AF1DD8BA8E00A95014 /* PetpetTests.xctest */;
			productType = "com.apple.product-type.bundle.unit-test";
		};
		1028B6B91DD8BA8E00A95014 /* PetpetUITests */ = {
			isa = PBXNativeTarget;
			buildConfigurationList = 1028B6C91DD8BA8E00A95014 /* Build configuration list for PBXNativeTarget "PetpetUITests" */;
			buildPhases = (
				1028B6B61DD8BA8E00A95014 /* Sources */,
				1028B6B71DD8BA8E00A95014 /* Frameworks */,
				1028B6B81DD8BA8E00A95014 /* Resources */,
			);
			buildRules = (
			);
			dependencies = (
				1028B6BC1DD8BA8E00A95014 /* PBXTargetDependency */,
			);
			name = PetpetUITests;
			productName = PetpetUITests;
			productReference = 1028B6BA1DD8BA8E00A95014 /* PetpetUITests.xctest */;
			productType = "com.apple.product-type.bundle.ui-testing";
		};
/* End PBXNativeTarget section */

/* Begin PBXProject section */
		1028B68B1DD8BA8E00A95014 /* Project object */ = {
			isa = PBXProject;
			attributes = {
				LastUpgradeCheck = 0810;
				ORGANIZATIONNAME = GIGIGUN;
				TargetAttributes = {
					1028B6921DD8BA8E00A95014 = {
						CreatedOnToolsVersion = 8.1;
						DevelopmentTeam = 97365M2U5B;
						ProvisioningStyle = Automatic;
					};
					1028B6AE1DD8BA8E00A95014 = {
						CreatedOnToolsVersion = 8.1;
						DevelopmentTeam = 97365M2U5B;
						ProvisioningStyle = Automatic;
						TestTargetID = 1028B6921DD8BA8E00A95014;
					};
					1028B6B91DD8BA8E00A95014 = {
						CreatedOnToolsVersion = 8.1;
						DevelopmentTeam = 97365M2U5B;
						ProvisioningStyle = Automatic;
						TestTargetID = 1028B6921DD8BA8E00A95014;
					};
				};
			};
			buildConfigurationList = 1028B68E1DD8BA8E00A95014 /* Build configuration list for PBXProject "Petpet" */;
			compatibilityVersion = "Xcode 3.2";
			developmentRegion = English;
			hasScannedForEncodings = 0;
			knownRegions = (
				en,
				Base,
			);
			mainGroup = 1028B68A1DD8BA8E00A95014;
			productRefGroup = 1028B6941DD8BA8E00A95014 /* Products */;
			projectDirPath = "";
			projectRoot = "";
			targets = (
				1028B6921DD8BA8E00A95014 /* Petpet */,
				1028B6AE1DD8BA8E00A95014 /* PetpetTests */,
				1028B6B91DD8BA8E00A95014 /* PetpetUITests */,
			);
		};
/* End PBXProject section */

/* Begin PBXResourcesBuildPhase section */
		1028B6911DD8BA8E00A95014 /* Resources */ = {
			isa = PBXResourcesBuildPhase;
			buildActionMask = 2147483647;
			files = (
				1028B6A91DD8BA8E00A95014 /* LaunchScreen.storyboard in Resources */,
				10055A941DD9FFB400F002F4 /* GoogleService-Info.plist in Resources */,
				1028B6A61DD8BA8E00A95014 /* Assets.xcassets in Resources */,
				1028B6A11DD8BA8E00A95014 /* Main.storyboard in Resources */,
			);
			runOnlyForDeploymentPostprocessing = 0;
		};
		1028B6AD1DD8BA8E00A95014 /* Resources */ = {
			isa = PBXResourcesBuildPhase;
			buildActionMask = 2147483647;
			files = (
			);
			runOnlyForDeploymentPostprocessing = 0;
		};
		1028B6B81DD8BA8E00A95014 /* Resources */ = {
			isa = PBXResourcesBuildPhase;
			buildActionMask = 2147483647;
			files = (
			);
			runOnlyForDeploymentPostprocessing = 0;
		};
/* End PBXResourcesBuildPhase section */

/* Begin PBXShellScriptBuildPhase section */
		009A8761EA99976C155A0F40 /* [CP] Embed Pods Frameworks */ = {
			isa = PBXShellScriptBuildPhase;
			buildActionMask = 2147483647;
			files = (
			);
			inputPaths = (
			);
			name = "[CP] Embed Pods Frameworks";
			outputPaths = (
			);
			runOnlyForDeploymentPostprocessing = 0;
			shellPath = /bin/sh;
			shellScript = "\"${SRCROOT}/Pods/Target Support Files/Pods-Petpet/Pods-Petpet-frameworks.sh\"\n";
			showEnvVarsInLog = 0;
		};
		BB78FF15FB3834B2E4497795 /* [CP] Copy Pods Resources */ = {
			isa = PBXShellScriptBuildPhase;
			buildActionMask = 2147483647;
			files = (
			);
			inputPaths = (
			);
			name = "[CP] Copy Pods Resources";
			outputPaths = (
			);
			runOnlyForDeploymentPostprocessing = 0;
			shellPath = /bin/sh;
			shellScript = "\"${SRCROOT}/Pods/Target Support Files/Pods-Petpet/Pods-Petpet-resources.sh\"\n";
			showEnvVarsInLog = 0;
		};
		D0B5A66713969BCDB4E8408B /* [CP] Check Pods Manifest.lock */ = {
			isa = PBXShellScriptBuildPhase;
			buildActionMask = 2147483647;
			files = (
			);
			inputPaths = (
			);
			name = "[CP] Check Pods Manifest.lock";
			outputPaths = (
			);
			runOnlyForDeploymentPostprocessing = 0;
			shellPath = /bin/sh;
			shellScript = "diff \"${PODS_ROOT}/../Podfile.lock\" \"${PODS_ROOT}/Manifest.lock\" > /dev/null\nif [ $? != 0 ] ; then\n    # print error to STDERR\n    echo \"error: The sandbox is not in sync with the Podfile.lock. Run 'pod install' or update your CocoaPods installation.\" >&2\n    exit 1\nfi\n";
			showEnvVarsInLog = 0;
		};
/* End PBXShellScriptBuildPhase section */

/* Begin PBXSourcesBuildPhase section */
		1028B68F1DD8BA8E00A95014 /* Sources */ = {
			isa = PBXSourcesBuildPhase;
			buildActionMask = 2147483647;
			files = (
				1028B69E1DD8BA8E00A95014 /* ViewController.m in Sources */,
				1028B6A41DD8BA8E00A95014 /* Petpet.xcdatamodeld in Sources */,
				1028B69B1DD8BA8E00A95014 /* AppDelegate.m in Sources */,
				1028B6981DD8BA8E00A95014 /* main.m in Sources */,
			);
			runOnlyForDeploymentPostprocessing = 0;
		};
		1028B6AB1DD8BA8E00A95014 /* Sources */ = {
			isa = PBXSourcesBuildPhase;
			buildActionMask = 2147483647;
			files = (
				1028B6B41DD8BA8E00A95014 /* PetpetTests.m in Sources */,
			);
			runOnlyForDeploymentPostprocessing = 0;
		};
		1028B6B61DD8BA8E00A95014 /* Sources */ = {
			isa = PBXSourcesBuildPhase;
			buildActionMask = 2147483647;
			files = (
				1028B6BF1DD8BA8E00A95014 /* PetpetUITests.m in Sources */,
			);
			runOnlyForDeploymentPostprocessing = 0;
		};
/* End PBXSourcesBuildPhase section */

/* Begin PBXTargetDependency section */
		1028B6B11DD8BA8E00A95014 /* PBXTargetDependency */ = {
			isa = PBXTargetDependency;
			target = 1028B6921DD8BA8E00A95014 /* Petpet */;
			targetProxy = 1028B6B01DD8BA8E00A95014 /* PBXContainerItemProxy */;
		};
		1028B6BC1DD8BA8E00A95014 /* PBXTargetDependency */ = {
			isa = PBXTargetDependency;
			target = 1028B6921DD8BA8E00A95014 /* Petpet */;
			targetProxy = 1028B6BB1DD8BA8E00A95014 /* PBXContainerItemProxy */;
		};
/* End PBXTargetDependency section */

/* Begin PBXVariantGroup section */
		1028B69F1DD8BA8E00A95014 /* Main.storyboard */ = {
			isa = PBXVariantGroup;
			children = (
				1028B6A01DD8BA8E00A95014 /* Base */,
			);
			name = Main.storyboard;
			sourceTree = "<group>";
		};
		1028B6A71DD8BA8E00A95014 /* LaunchScreen.storyboard */ = {
			isa = PBXVariantGroup;
			children = (
				1028B6A81DD8BA8E00A95014 /* Base */,
			);
			name = LaunchScreen.storyboard;
			sourceTree = "<group>";
		};
/* End PBXVariantGroup section */

/* Begin XCBuildConfiguration section */
		1028B6C11DD8BA8E00A95014 /* Debug */ = {
			isa = XCBuildConfiguration;
			buildSettings = {
				ALWAYS_SEARCH_USER_PATHS = NO;
				CLANG_ANALYZER_NONNULL = YES;
				CLANG_CXX_LANGUAGE_STANDARD = "gnu++0x";
				CLANG_CXX_LIBRARY = "libc++";
				CLANG_ENABLE_MODULES = YES;
				CLANG_ENABLE_OBJC_ARC = YES;
				CLANG_WARN_BOOL_CONVERSION = YES;
				CLANG_WARN_CONSTANT_CONVERSION = YES;
				CLANG_WARN_DIRECT_OBJC_ISA_USAGE = YES_ERROR;
				CLANG_WARN_DOCUMENTATION_COMMENTS = YES;
				CLANG_WARN_EMPTY_BODY = YES;
				CLANG_WARN_ENUM_CONVERSION = YES;
				CLANG_WARN_INFINITE_RECURSION = YES;
				CLANG_WARN_INT_CONVERSION = YES;
				CLANG_WARN_OBJC_ROOT_CLASS = YES_ERROR;
				CLANG_WARN_SUSPICIOUS_MOVES = YES;
				CLANG_WARN_UNREACHABLE_CODE = YES;
				CLANG_WARN__DUPLICATE_METHOD_MATCH = YES;
				"CODE_SIGN_IDENTITY[sdk=iphoneos*]" = "iPhone Developer";
				COPY_PHASE_STRIP = NO;
				DEBUG_INFORMATION_FORMAT = dwarf;
				ENABLE_STRICT_OBJC_MSGSEND = YES;
				ENABLE_TESTABILITY = YES;
				GCC_C_LANGUAGE_STANDARD = gnu99;
				GCC_DYNAMIC_NO_PIC = NO;
				GCC_NO_COMMON_BLOCKS = YES;
				GCC_OPTIMIZATION_LEVEL = 0;
				GCC_PREPROCESSOR_DEFINITIONS = (
					"DEBUG=1",
					"$(inherited)",
				);
				GCC_WARN_64_TO_32_BIT_CONVERSION = YES;
				GCC_WARN_ABOUT_RETURN_TYPE = YES_ERROR;
				GCC_WARN_UNDECLARED_SELECTOR = YES;
				GCC_WARN_UNINITIALIZED_AUTOS = YES_AGGRESSIVE;
				GCC_WARN_UNUSED_FUNCTION = YES;
				GCC_WARN_UNUSED_VARIABLE = YES;
				IPHONEOS_DEPLOYMENT_TARGET = 10.1;
				MTL_ENABLE_DEBUG_INFO = YES;
				ONLY_ACTIVE_ARCH = YES;
				SDKROOT = iphoneos;
			};
			name = Debug;
		};
		1028B6C21DD8BA8E00A95014 /* Release */ = {
			isa = XCBuildConfiguration;
			buildSettings = {
				ALWAYS_SEARCH_USER_PATHS = NO;
				CLANG_ANALYZER_NONNULL = YES;
				CLANG_CXX_LANGUAGE_STANDARD = "gnu++0x";
				CLANG_CXX_LIBRARY = "libc++";
				CLANG_ENABLE_MODULES = YES;
				CLANG_ENABLE_OBJC_ARC = YES;
				CLANG_WARN_BOOL_CONVERSION = YES;
				CLANG_WARN_CONSTANT_CONVERSION = YES;
				CLANG_WARN_DIRECT_OBJC_ISA_USAGE = YES_ERROR;
				CLANG_WARN_DOCUMENTATION_COMMENTS = YES;
				CLANG_WARN_EMPTY_BODY = YES;
				CLANG_WARN_ENUM_CONVERSION = YES;
				CLANG_WARN_INFINITE_RECURSION = YES;
				CLANG_WARN_INT_CONVERSION = YES;
				CLANG_WARN_OBJC_ROOT_CLASS = YES_ERROR;
				CLANG_WARN_SUSPICIOUS_MOVES = YES;
				CLANG_WARN_UNREACHABLE_CODE = YES;
				CLANG_WARN__DUPLICATE_METHOD_MATCH = YES;
				"CODE_SIGN_IDENTITY[sdk=iphoneos*]" = "iPhone Developer";
				COPY_PHASE_STRIP = NO;
				DEBUG_INFORMATION_FORMAT = "dwarf-with-dsym";
				ENABLE_NS_ASSERTIONS = NO;
				ENABLE_STRICT_OBJC_MSGSEND = YES;
				GCC_C_LANGUAGE_STANDARD = gnu99;
				GCC_NO_COMMON_BLOCKS = YES;
				GCC_WARN_64_TO_32_BIT_CONVERSION = YES;
				GCC_WARN_ABOUT_RETURN_TYPE = YES_ERROR;
				GCC_WARN_UNDECLARED_SELECTOR = YES;
				GCC_WARN_UNINITIALIZED_AUTOS = YES_AGGRESSIVE;
				GCC_WARN_UNUSED_FUNCTION = YES;
				GCC_WARN_UNUSED_VARIABLE = YES;
				IPHONEOS_DEPLOYMENT_TARGET = 10.1;
				MTL_ENABLE_DEBUG_INFO = NO;
				SDKROOT = iphoneos;
				VALIDATE_PRODUCT = YES;
			};
			name = Release;
		};
		1028B6C41DD8BA8E00A95014 /* Debug */ = {
			isa = XCBuildConfiguration;
			baseConfigurationReference = A60AB6C55E74AC632B14CD94 /* Pods-Petpet.debug.xcconfig */;
			buildSettings = {
				ASSETCATALOG_COMPILER_APPICON_NAME = AppIcon;
				DEVELOPMENT_TEAM = 97365M2U5B;
				INFOPLIST_FILE = Petpet/Info.plist;
				LD_RUNPATH_SEARCH_PATHS = "$(inherited) @executable_path/Frameworks";
				PRODUCT_BUNDLE_IDENTIFIER = HippoColors.Petpet;
				PRODUCT_NAME = "$(TARGET_NAME)";
			};
			name = Debug;
		};
		1028B6C51DD8BA8E00A95014 /* Release */ = {
			isa = XCBuildConfiguration;
			baseConfigurationReference = 7CF926EF55F43664CE793A92 /* Pods-Petpet.release.xcconfig */;
			buildSettings = {
				ASSETCATALOG_COMPILER_APPICON_NAME = AppIcon;
				DEVELOPMENT_TEAM = 97365M2U5B;
				INFOPLIST_FILE = Petpet/Info.plist;
				LD_RUNPATH_SEARCH_PATHS = "$(inherited) @executable_path/Frameworks";
				PRODUCT_BUNDLE_IDENTIFIER = HippoColors.Petpet;
				PRODUCT_NAME = "$(TARGET_NAME)";
			};
			name = Release;
		};
		1028B6C71DD8BA8E00A95014 /* Debug */ = {
			isa = XCBuildConfiguration;
			buildSettings = {
				BUNDLE_LOADER = "$(TEST_HOST)";
				DEVELOPMENT_TEAM = 97365M2U5B;
				INFOPLIST_FILE = PetpetTests/Info.plist;
				LD_RUNPATH_SEARCH_PATHS = "$(inherited) @executable_path/Frameworks @loader_path/Frameworks";
				PRODUCT_BUNDLE_IDENTIFIER = HippoColors.PetpetTests;
				PRODUCT_NAME = "$(TARGET_NAME)";
				TEST_HOST = "$(BUILT_PRODUCTS_DIR)/Petpet.app/Petpet";
			};
			name = Debug;
		};
		1028B6C81DD8BA8E00A95014 /* Release */ = {
			isa = XCBuildConfiguration;
			buildSettings = {
				BUNDLE_LOADER = "$(TEST_HOST)";
				DEVELOPMENT_TEAM = 97365M2U5B;
				INFOPLIST_FILE = PetpetTests/Info.plist;
				LD_RUNPATH_SEARCH_PATHS = "$(inherited) @executable_path/Frameworks @loader_path/Frameworks";
				PRODUCT_BUNDLE_IDENTIFIER = HippoColors.PetpetTests;
				PRODUCT_NAME = "$(TARGET_NAME)";
				TEST_HOST = "$(BUILT_PRODUCTS_DIR)/Petpet.app/Petpet";
			};
			name = Release;
		};
		1028B6CA1DD8BA8E00A95014 /* Debug */ = {
			isa = XCBuildConfiguration;
			buildSettings = {
				DEVELOPMENT_TEAM = 97365M2U5B;
				INFOPLIST_FILE = PetpetUITests/Info.plist;
				LD_RUNPATH_SEARCH_PATHS = "$(inherited) @executable_path/Frameworks @loader_path/Frameworks";
				PRODUCT_BUNDLE_IDENTIFIER = HippoColors.PetpetUITests;
				PRODUCT_NAME = "$(TARGET_NAME)";
				TEST_TARGET_NAME = Petpet;
			};
			name = Debug;
		};
		1028B6CB1DD8BA8E00A95014 /* Release */ = {
			isa = XCBuildConfiguration;
			buildSettings = {
				DEVELOPMENT_TEAM = 97365M2U5B;
				INFOPLIST_FILE = PetpetUITests/Info.plist;
				LD_RUNPATH_SEARCH_PATHS = "$(inherited) @executable_path/Frameworks @loader_path/Frameworks";
				PRODUCT_BUNDLE_IDENTIFIER = HippoColors.PetpetUITests;
				PRODUCT_NAME = "$(TARGET_NAME)";
				TEST_TARGET_NAME = Petpet;
			};
			name = Release;
		};
/* End XCBuildConfiguration section */

/* Begin XCConfigurationList section */
		1028B68E1DD8BA8E00A95014 /* Build configuration list for PBXProject "Petpet" */ = {
			isa = XCConfigurationList;
			buildConfigurations = (
				1028B6C11DD8BA8E00A95014 /* Debug */,
				1028B6C21DD8BA8E00A95014 /* Release */,
			);
			defaultConfigurationIsVisible = 0;
			defaultConfigurationName = Release;
		};
		1028B6C31DD8BA8E00A95014 /* Build configuration list for PBXNativeTarget "Petpet" */ = {
			isa = XCConfigurationList;
			buildConfigurations = (
				1028B6C41DD8BA8E00A95014 /* Debug */,
				1028B6C51DD8BA8E00A95014 /* Release */,
			);
			defaultConfigurationIsVisible = 0;
			defaultConfigurationName = Release;
		};
		1028B6C61DD8BA8E00A95014 /* Build configuration list for PBXNativeTarget "PetpetTests" */ = {
			isa = XCConfigurationList;
			buildConfigurations = (
				1028B6C71DD8BA8E00A95014 /* Debug */,
				1028B6C81DD8BA8E00A95014 /* Release */,
			);
			defaultConfigurationIsVisible = 0;
			defaultConfigurationName = Release;
		};
		1028B6C91DD8BA8E00A95014 /* Build configuration list for PBXNativeTarget "PetpetUITests" */ = {
			isa = XCConfigurationList;
			buildConfigurations = (
				1028B6CA1DD8BA8E00A95014 /* Debug */,
				1028B6CB1DD8BA8E00A95014 /* Release */,
			);
			defaultConfigurationIsVisible = 0;
			defaultConfigurationName = Release;
		};
/* End XCConfigurationList section */

/* Begin XCVersionGroup section */
		1028B6A21DD8BA8E00A95014 /* Petpet.xcdatamodeld */ = {
			isa = XCVersionGroup;
			children = (
				1028B6A31DD8BA8E00A95014 /* Petpet.xcdatamodel */,
			);
			currentVersion = 1028B6A31DD8BA8E00A95014 /* Petpet.xcdatamodel */;
			path = Petpet.xcdatamodeld;
			sourceTree = "<group>";
			versionGroupType = wrapper.xcdatamodel;
		};
/* End XCVersionGroup section */
	};
	rootObject = 1028B68B1DD8BA8E00A95014 /* Project object */;
}
